
Microsoft Visual Studio Solution File, Format Version 12.00
# Visual Studio Version 16
VisualStudioVersion = 16.0.30503.244
MinimumVisualStudioVersion = 10.0.40219.1
Project("{FAE04EC0-301F-11D3-BF4B-00C04F79EFBC}") = "BaiThucHanh_1", "BaiThucHanh_1\BaiThucHanh_1.csproj", "{041E080D-FA1E-4708-9226-6BBE9B58FCDE}"
EndProject
Global
	GlobalSection(SolutionConfigurationPlatforms) = preSolution
		Debug|Any CPU = Debug|Any CPU
		Release|Any CPU = Release|Any CPU
	EndGlobalSection
	GlobalSection(ProjectConfigurationPlatforms) = postSolution
		{041E080D-FA1E-4708-9226-6BBE9B58FCDE}.Debug|Any CPU.ActiveCfg = Debug|Any CPU
		{041E080D-FA1E-4708-9226-6BBE9B58FCDE}.Debug|Any CPU.Build.0 = Debug|Any CPU
		{041E080D-FA1E-4708-9226-6BBE9B58FCDE}.Release|Any CPU.ActiveCfg = Release|Any CPU
		{041E080D-FA1E-4708-9226-6BBE9B58FCDE}.Release|Any CPU.Build.0 = Release|Any CPU
	EndGlobalSection
	GlobalSection(SolutionProperties) = preSolution
		HideSolutionNode = FALSE
	EndGlobalSection
	GlobalSection(ExtensibilityGlobals) = postSolution
		SolutionGuid = {0C877592-CABB-455F-8AD0-19F750EBB063}
	EndGlobalSection
EndGlobal
